#MicroXplorer Configuration settings - do not modify
Mcu.Family=STM32F1
ProjectManager.MainLocation=Core/Src
RCC.MCOFreq_Value=72000000
SPI3.Direction=SPI_DIRECTION_2LINES
SPI3.VirtualType=VM_MASTER
ProjectManager.KeepUserCode=true
Mcu.UserName=STM32F107RCTx
SPI1.VirtualType=VM_MASTER
RCC.PLLCLKFreq_Value=72000000
PC10.Signal=SPI3_SCK
PC12.Signal=SPI3_MOSI
PC13-TAMPER-RTC.GPIOParameters=GPIO_Label
ProjectManager.functionlistsort=1-MX_GPIO_Init-GPIO-false-HAL-true,2-SystemClock_Config-RCC-false-HAL-false,3-MX_LWIP_Init-LWIP-false-HAL-false,4-MX_USART1_UART_Init-USART1-false-HAL-true,5-MX_FATFS_Init-FATFS-false-HAL-false,6-MX_USB_HOST_Init-USB_HOST-false-HAL-false,7-MX_SPI3_Init-SPI3-false-HAL-true,8-MX_RTC_Init-RTC-false-HAL-true,9-MX_SPI1_Init-SPI1-false-HAL-true,10-MX_TIM4_Init-TIM4-false-HAL-true
PC0.GPIOParameters=GPIO_Label
USB_HOST0.BSP.condition=
PC0.GPIO_Label=USB_EN
VP_RTC_VS_RTC_Activate.Mode=RTC_Enabled
PA11.Mode=Host_Only
RCC.RTCFreq_Value=62500
RCC.ADCFreqValue=36000000
PB6.GPIO_Label=VS_XDCS
PD2.Locked=true
PD2.GPIOParameters=GPIO_Label
PC5.Mode=RMII
USART1.IPParameters=VirtualMode,Mode
PB11.Signal=ETH_TX_EN
PB13.Signal=ETH_TXD1
PinOutPanel.RotationAngle=90
RCC.SYSCLKSource=RCC_SYSCLKSOURCE_PLLCLK
ProjectManager.StackSize=0x400
PD1-OSC_OUT.Signal=RCC_OSC_OUT
Mcu.IP4=RCC
RCC.FCLKCortexFreq_Value=72000000
Mcu.IP5=RTC
Mcu.IP2=LWIP
NVIC.SVCall_IRQn=true\:0\:0\:false\:false\:true\:false\:false
VP_RTC_No_RTC_Output.Mode=RTC_OUT_NO
Mcu.IP3=NVIC
PA15.GPIO_Label=FLASH_CS
Mcu.IP0=ETH
Mcu.IP1=FATFS
PA12.Signal=USB_OTG_FS_DP
SPI1.CLKPolarity=SPI_POLARITY_LOW
Mcu.UserConstants=
LWIP.IPParameters=LWIP_SNTP
Mcu.ThirdPartyNb=0
SPI1.Direction=SPI_DIRECTION_2LINES
RCC.HCLKFreq_Value=72000000
Mcu.IPNb=13
ProjectManager.PreviousToolchain=STM32CubeIDE
RCC.APB2TimFreq_Value=72000000
PB6.Signal=GPIO_Output
VP_RTC_No_RTC_Output.Signal=RTC_No_RTC_Output
USB_HOST0.BSP.component=
RTC.IPParameters=AutoPrediv
SPI1.CalculateBaudRate=281.25 KBits/s
Mcu.Pin6=PA2
Mcu.Pin7=PA5
Mcu.Pin8=PA7
Mcu.Pin9=PC4
USB_HOST0.BSP.ip=GPIO
RCC.AHBFreq_Value=72000000
Mcu.Pin0=PC13-TAMPER-RTC
Mcu.Pin1=PD0-OSC_IN
GPIO.groupedBy=Group By Peripherals
Mcu.Pin2=PD1-OSC_OUT
Mcu.Pin3=PC0
Mcu.Pin4=PC1
Mcu.Pin5=PA1
ProjectManager.ProjectBuild=false
NVIC.UsageFault_IRQn=true\:0\:0\:false\:false\:true\:false\:false
NVIC.DebugMonitor_IRQn=true\:0\:0\:false\:false\:true\:false\:false
PB3.Mode=Full_Duplex_Master
Mcu.IP10=USART1
NVIC.SysTick_IRQn=true\:0\:0\:false\:false\:true\:false\:true
RCC.RTCClockSelection=RCC_RTCCLKSOURCE_HSE_DIV128
Mcu.IP12=USB_OTG_FS
RCC.PLLMUL=RCC_PLL_MUL9
Mcu.IP11=USB_HOST
ProjectManager.FirmwarePackage=STM32Cube FW_F1 V1.8.3
MxDb.Version=DB.6.0.10
PB4.Mode=Full_Duplex_Master
ProjectManager.BackupPrevious=false
PA14.Mode=Serial_Wire
PB5.Mode=Full_Duplex_Master
File.Version=6
FATFS._USE_MKFS=0
PB7.Signal=GPIO_Output
PB8.Locked=true
USB_HOST.USBH_DEBUG_LEVEL=0
PB6.Locked=true
NVIC.PendSV_IRQn=true\:0\:0\:false\:false\:true\:false\:false
TIM4.Period=0xffff-1
USB_HOST0.BSP.i2creg=
PB6.GPIOParameters=GPIO_Label
ProjectManager.HalAssertFull=false
ProjectManager.ProjectName=InternetRadio
PB7.GPIO_Label=VS_XCS
USB_HOST0.BSP.i2caddr=0
PB9.Signal=GPIO_Output
Mcu.Package=LQFP64
PB12.Mode=RMII
PA5.Locked=true
VP_FATFS_VS_Generic.Signal=FATFS_VS_Generic
RCC.I2S2Freq_Value=72000000
SPI3.Mode=SPI_MODE_MASTER
NVIC.OTG_FS_IRQn=true\:0\:0\:false\:false\:true\:false\:true
ProjectManager.ToolChainLocation=
VP_SYS_VS_Systick.Signal=SYS_VS_Systick
PA10.Signal=USART1_RX
USB_OTG_FS.VirtualMode=Host_Only
PA15.Signal=GPIO_Output
PA5.GPIOParameters=GPIO_Label
PC11.Mode=Full_Duplex_Master
VP_FATFS_VS_USB.Signal=FATFS_VS_USB
USB_HOST0.BSP.name=Drive_VBUS_FS
FATFS._FS_LOCK=0
RCC.APB1TimFreq_Value=72000000
NVIC.BusFault_IRQn=true\:0\:0\:false\:false\:true\:false\:false
SPI3.IPParameters=VirtualType,Mode,Direction,CalculateBaudRate,BaudRatePrescaler
PC5.Signal=ETH_RXD1
USB_OTG_FS.IPParameters=VirtualMode
PB10.GPIOParameters=GPIO_Label
PB13.Mode=RMII
RTC.AutoPrediv=RTC_AUTO_1_SECOND
SPI1.BaudRatePrescaler=SPI_BAUDRATEPRESCALER_256
ProjectManager.CustomerFirmwarePackage=
PC4.Mode=RMII
VP_LWIP_VS_Enabled.Signal=LWIP_VS_Enabled
PB4.Signal=SPI1_MISO
VP_RTC_VS_RTC_Activate.Signal=RTC_VS_RTC_Activate
RCC.PLLSourceVirtual=RCC_PLLSOURCE_HSE
USB_HOST.IPParameters=VirtualModeFS,USBH_HandleTypeDef,USBH_DEBUG_LEVEL
ProjectManager.ProjectFileName=InternetRadio.ioc
PB8.GPIOParameters=GPIO_Label
PA7.Mode=RMII
PD1-OSC_OUT.Mode=HSE-External-Oscillator
PB9.GPIO_Label=SD_CS
PA10.Mode=Asynchronous
PA15.GPIOParameters=GPIO_Label
Mcu.PinsNb=41
ProjectManager.NoMain=false
SPI1.IPParameters=VirtualType,Mode,Direction,CalculateBaudRate,BaudRatePrescaler,CRCCalculation,CLKPhase,CLKPolarity
PC11.Signal=SPI3_MISO
VP_USB_HOST_VS_USB_HOST_MSC_FS.Mode=MSC_FS
USB_HOST0.BSP.solution=PC0
PC4.Signal=ETH_RXD0
PC10.Mode=Full_Duplex_Master
ETH.MACAddr=00\:80\:E1\:05\:16\:57
USB_HOST.BSP.number=1
PC13-TAMPER-RTC.Signal=GPIO_Output
ProjectManager.DefaultFWLocation=true
SPI1.CLKPhase=SPI_PHASE_1EDGE
PD0-OSC_IN.Signal=RCC_OSC_IN
ProjectManager.DeletePrevious=true
PC0.Signal=GPIO_Output
RCC.APB1CLKDivider=RCC_HCLK_DIV2
PB10.Locked=true
RCC.FamilyName=M
RCC.I2S3Freq_Value=72000000
VP_LWIP_VS_Enabled.Mode=Enabled
PB9.GPIOParameters=GPIO_Label
ETH.IPParameters=MediaInterface,MACAddr,PHY_Name_RMII
USB_HOST0.BSP.semaphore=
USB_HOST0.BSP.STBoard=false
FATFS.IPParameters=_USE_MKFS,_MAX_SS,_FS_LOCK
PA13.Signal=SYS_JTMS-SWDIO
PB8.GPIO_Label=VS_DREQ
PA15.Locked=true
PA9.Mode=Asynchronous
ETH.PHY_Name_RMII=DP83848_PHY_ADDRESS
PB11.Mode=RMII
VP_TIM4_VS_ClockSourceINT.Signal=TIM4_VS_ClockSourceINT
ProjectManager.TargetToolchain=STM32CubeIDE
TIM4.IPParameters=Prescaler,Period
PB10.GPIO_Label=TST
LWIP.LWIP_SNTP=1
PB7.GPIOParameters=GPIO_Label
PA9.Signal=USART1_TX
PB9.Locked=true
ProjectManager.RegisterCallBack=
PC13-TAMPER-RTC.Locked=true
RCC.USBFreq_Value=48000000
TIM4.Prescaler=72-1
PA1.Signal=ETH_REF_CLK
VP_FATFS_VS_Generic.Mode=User_defined
PD0-OSC_IN.Mode=HSE-External-Oscillator
PB10.Signal=GPIO_Output
PA5.Signal=GPIO_Input
Mcu.Pin40=VP_USB_HOST_VS_USB_HOST_MSC_FS
PC12.Mode=Full_Duplex_Master
board=custom
ProjectManager.LastFirmware=true
PC13-TAMPER-RTC.GPIO_Label=VS_XRST
USB_HOST.VirtualModeFS=Msc
RCC.VCOOutput2Freq_Value=8000000
RCC.APB2Freq_Value=72000000
USB_HOST0.BSP.api=Unknown
PA1.Mode=RMII
SPI1.CRCCalculation=SPI_CRCCALCULATION_DISABLE
SPI3.CalculateBaudRate=281.25 KBits/s
MxCube.Version=6.1.1
Mcu.Pin37=VP_RTC_No_RTC_Output
USART1.Mode=MODE_TX_RX
Mcu.Pin38=VP_SYS_VS_Systick
Mcu.Pin35=VP_LWIP_VS_Enabled
Mcu.Pin36=VP_RTC_VS_RTC_Activate
SPI1.Mode=SPI_MODE_MASTER
Mcu.Pin39=VP_TIM4_VS_ClockSourceINT
Mcu.Pin30=PB7
SPI3.BaudRatePrescaler=SPI_BAUDRATEPRESCALER_128
VP_SYS_VS_Systick.Mode=SysTick
Mcu.Pin33=VP_FATFS_VS_USB
Mcu.Pin34=VP_FATFS_VS_Generic
Mcu.Pin31=PB8
Mcu.Pin32=PB9
NVIC.NonMaskableInt_IRQn=true\:0\:0\:false\:false\:true\:false\:false
PA13.Mode=Serial_Wire
ProjectManager.FreePins=false
RCC.IPParameters=ADCFreqValue,AHBFreq_Value,APB1CLKDivider,APB1Freq_Value,APB1TimFreq_Value,APB2Freq_Value,APB2TimFreq_Value,FCLKCortexFreq_Value,FamilyName,HCLKFreq_Value,I2S2Freq_Value,I2S3Freq_Value,MCOFreq_Value,PLLCLKFreq_Value,PLLMUL,PLLSourceVirtual,RTCClockSelection,RTCFreq_Value,SYSCLKFreq_VALUE,SYSCLKSource,TimSysFreq_Value,USBFreq_Value,VCOOutput2Freq_Value
ProjectManager.AskForMigrate=true
Mcu.Name=STM32F107R(B-C)Tx
Mcu.Pin26=PB3
Mcu.Pin27=PB4
PA2.Signal=ETH_MDIO
Mcu.Pin24=PC12
ProjectManager.UnderRoot=true
Mcu.Pin25=PD2
FATFS._MAX_SS=512
Mcu.IP8=SYS
Mcu.IP9=TIM4
Mcu.Pin28=PB5
RCC.LockedElements=AHBOutput
Mcu.IP6=SPI1
Mcu.Pin29=PB6
Mcu.IP7=SPI3
ProjectManager.CoupleFile=false
PB3.Signal=SPI1_SCK
RCC.SYSCLKFreq_VALUE=72000000
PB5.Signal=SPI1_MOSI
Mcu.Pin22=PC10
ETH.MediaInterface=ETH_MEDIA_INTERFACE_RMII
Mcu.Pin23=PC11
RCC.TimSysFreq_Value=72000000
Mcu.Pin20=PA14
Mcu.Pin21=PA15
PA12.Mode=Host_Only
PA5.GPIO_Label=USB_OVERCURRENT
NVIC.ForceEnableDMAVector=true
KeepUserPlacement=false
NVIC.MemoryManagement_IRQn=true\:0\:0\:false\:false\:true\:false\:false
USART1.VirtualMode=VM_ASYNC
ProjectManager.CompilerOptimize=6
PA11.Signal=USB_OTG_FS_DM
PA14.Signal=SYS_JTCK-SWCLK
ProjectManager.HeapSize=0x200
Mcu.Pin15=PA9
NVIC.HardFault_IRQn=true\:0\:0\:false\:false\:true\:false\:false
Mcu.Pin16=PA10
LWIP.Version=v2.0.3_Cube
Mcu.Pin13=PB12
Mcu.Pin14=PB13
Mcu.Pin19=PA13
VP_FATFS_VS_USB.Mode=USB
ProjectManager.ComputerToolchain=false
Mcu.Pin17=PA11
Mcu.Pin18=PA12
USB_HOST.USBH_HandleTypeDef=hUsbHostFS
VP_TIM4_VS_ClockSourceINT.Mode=Internal
NVIC.PriorityGroup=NVIC_PRIORITYGROUP_4
VP_USB_HOST_VS_USB_HOST_MSC_FS.Signal=USB_HOST_VS_USB_HOST_MSC_FS
Mcu.Pin11=PB10
Mcu.Pin12=PB11
Mcu.Pin10=PC5
PB7.Locked=true
PA2.Mode=RMII
PB8.Signal=GPIO_Input
PD2.Signal=GPIO_Input
RCC.APB1Freq_Value=36000000
USB_HOST0.BSP.mode=Output
PC0.Locked=true
ProjectManager.DeviceId=STM32F107RCTx
PC1.Signal=ETH_MDC
PB12.Signal=ETH_TXD0
PD2.GPIO_Label=SD_PRESENT
ProjectManager.LibraryCopy=1
PC1.Mode=RMII
PA7.Signal=ETH_CRS_DV
USB_HOST0.BSP.instance=PC0
